
Microsoft Visual Studio Solution File, Format Version 12.00
# Visual Studio Version 16
VisualStudioVersion = 16.0.30804.86
MinimumVisualStudioVersion = 10.0.40219.1
Project("{9A19103F-16F7-4668-BE54-9A1E7A4F7556}") = "ABC000", "ABC000\ABC000.csproj", "{AEDB0F39-7740-4780-9304-780DBF34BC80}"
EndProject
Project("{9A19103F-16F7-4668-BE54-9A1E7A4F7556}") = "CoderLib6", "..\CoderLib\CoderLib6\CoderLib6.csproj", "{9E60AC4C-F789-438A-B8CF-A5D530EEB4FE}"
EndProject
Project("{9A19103F-16F7-4668-BE54-9A1E7A4F7556}") = "CoderLib8", "..\CoderLib\CoderLib8\CoderLib8.csproj", "{ED01222E-1587-4E89-A6A0-19F0163F3C9A}"
EndProject
Project("{9A19103F-16F7-4668-BE54-9A1E7A4F7556}") = "CoderLibTest", "..\CoderLib\CoderLibTest\CoderLibTest.csproj", "{93C9F7DF-4027-4FC4-AE0F-4F896E7DB0FB}"
EndProject
Global
	GlobalSection(SolutionConfigurationPlatforms) = preSolution
		Debug|Any CPU = Debug|Any CPU
		Release|Any CPU = Release|Any CPU
	EndGlobalSection
	GlobalSection(ProjectConfigurationPlatforms) = postSolution
		{AEDB0F39-7740-4780-9304-780DBF34BC80}.Debug|Any CPU.ActiveCfg = Debug|Any CPU
		{AEDB0F39-7740-4780-9304-780DBF34BC80}.Debug|Any CPU.Build.0 = Debug|Any CPU
		{AEDB0F39-7740-4780-9304-780DBF34BC80}.Release|Any CPU.ActiveCfg = Release|Any CPU
		{AEDB0F39-7740-4780-9304-780DBF34BC80}.Release|Any CPU.Build.0 = Release|Any CPU
		{9E60AC4C-F789-438A-B8CF-A5D530EEB4FE}.Debug|Any CPU.ActiveCfg = Debug|Any CPU
		{9E60AC4C-F789-438A-B8CF-A5D530EEB4FE}.Debug|Any CPU.Build.0 = Debug|Any CPU
		{9E60AC4C-F789-438A-B8CF-A5D530EEB4FE}.Release|Any CPU.ActiveCfg = Release|Any CPU
		{9E60AC4C-F789-438A-B8CF-A5D530EEB4FE}.Release|Any CPU.Build.0 = Release|Any CPU
		{ED01222E-1587-4E89-A6A0-19F0163F3C9A}.Debug|Any CPU.ActiveCfg = Debug|Any CPU
		{ED01222E-1587-4E89-A6A0-19F0163F3C9A}.Debug|Any CPU.Build.0 = Debug|Any CPU
		{ED01222E-1587-4E89-A6A0-19F0163F3C9A}.Release|Any CPU.ActiveCfg = Release|Any CPU
		{ED01222E-1587-4E89-A6A0-19F0163F3C9A}.Release|Any CPU.Build.0 = Release|Any CPU
		{93C9F7DF-4027-4FC4-AE0F-4F896E7DB0FB}.Debug|Any CPU.ActiveCfg = Debug|Any CPU
		{93C9F7DF-4027-4FC4-AE0F-4F896E7DB0FB}.Debug|Any CPU.Build.0 = Debug|Any CPU
		{93C9F7DF-4027-4FC4-AE0F-4F896E7DB0FB}.Release|Any CPU.ActiveCfg = Release|Any CPU
		{93C9F7DF-4027-4FC4-AE0F-4F896E7DB0FB}.Release|Any CPU.Build.0 = Release|Any CPU
	EndGlobalSection
	GlobalSection(SolutionProperties) = preSolution
		HideSolutionNode = FALSE
	EndGlobalSection
	GlobalSection(ExtensibilityGlobals) = postSolution
		SolutionGuid = {1CE9C209-C6FD-4CE2-864D-C9F18E908F69}
	EndGlobalSection
EndGlobal
