
Microsoft Visual Studio Solution File, Format Version 12.00
# Visual Studio Version 17
VisualStudioVersion = 17.3.32929.385
MinimumVisualStudioVersion = 10.0.40219.1
Project("{9A19103F-16F7-4668-BE54-9A1E7A4F7556}") = "YJLib8", "YJLib8\YJLib8.csproj", "{FDC66D89-09A2-47B0-89F3-C8943A147EBD}"
EndProject
Project("{9A19103F-16F7-4668-BE54-9A1E7A4F7556}") = "YDS001", "YDS001\YDS001.csproj", "{E5954F8B-D694-4814-96B4-DAAEB790701A}"
EndProject
Project("{9A19103F-16F7-4668-BE54-9A1E7A4F7556}") = "YDS002", "YDS002\YDS002.csproj", "{0D22DE78-CD01-4E32-BD7D-266519F6B03B}"
EndProject
Project("{9A19103F-16F7-4668-BE54-9A1E7A4F7556}") = "YGR001", "YGR001\YGR001.csproj", "{BEB61D83-6757-43A1-9380-EC99AED4D1EA}"
EndProject
Project("{9A19103F-16F7-4668-BE54-9A1E7A4F7556}") = "YGR005", "YGR005\YGR005.csproj", "{2F8EE130-BADB-4B78-98AC-FA03E6984CB4}"
EndProject
Project("{9A19103F-16F7-4668-BE54-9A1E7A4F7556}") = "CoderLib8", "..\CoderLib\CoderLib8\CoderLib8.csproj", "{F8BAB882-8357-4839-97C5-BFD70D0584D2}"
EndProject
Global
	GlobalSection(SolutionConfigurationPlatforms) = preSolution
		Debug|Any CPU = Debug|Any CPU
		Release|Any CPU = Release|Any CPU
	EndGlobalSection
	GlobalSection(ProjectConfigurationPlatforms) = postSolution
		{FDC66D89-09A2-47B0-89F3-C8943A147EBD}.Debug|Any CPU.ActiveCfg = Debug|Any CPU
		{FDC66D89-09A2-47B0-89F3-C8943A147EBD}.Debug|Any CPU.Build.0 = Debug|Any CPU
		{FDC66D89-09A2-47B0-89F3-C8943A147EBD}.Release|Any CPU.ActiveCfg = Release|Any CPU
		{FDC66D89-09A2-47B0-89F3-C8943A147EBD}.Release|Any CPU.Build.0 = Release|Any CPU
		{E5954F8B-D694-4814-96B4-DAAEB790701A}.Debug|Any CPU.ActiveCfg = Debug|Any CPU
		{E5954F8B-D694-4814-96B4-DAAEB790701A}.Debug|Any CPU.Build.0 = Debug|Any CPU
		{E5954F8B-D694-4814-96B4-DAAEB790701A}.Release|Any CPU.ActiveCfg = Release|Any CPU
		{E5954F8B-D694-4814-96B4-DAAEB790701A}.Release|Any CPU.Build.0 = Release|Any CPU
		{0D22DE78-CD01-4E32-BD7D-266519F6B03B}.Debug|Any CPU.ActiveCfg = Debug|Any CPU
		{0D22DE78-CD01-4E32-BD7D-266519F6B03B}.Debug|Any CPU.Build.0 = Debug|Any CPU
		{0D22DE78-CD01-4E32-BD7D-266519F6B03B}.Release|Any CPU.ActiveCfg = Release|Any CPU
		{0D22DE78-CD01-4E32-BD7D-266519F6B03B}.Release|Any CPU.Build.0 = Release|Any CPU
		{BEB61D83-6757-43A1-9380-EC99AED4D1EA}.Debug|Any CPU.ActiveCfg = Debug|Any CPU
		{BEB61D83-6757-43A1-9380-EC99AED4D1EA}.Debug|Any CPU.Build.0 = Debug|Any CPU
		{BEB61D83-6757-43A1-9380-EC99AED4D1EA}.Release|Any CPU.ActiveCfg = Release|Any CPU
		{BEB61D83-6757-43A1-9380-EC99AED4D1EA}.Release|Any CPU.Build.0 = Release|Any CPU
		{2F8EE130-BADB-4B78-98AC-FA03E6984CB4}.Debug|Any CPU.ActiveCfg = Debug|Any CPU
		{2F8EE130-BADB-4B78-98AC-FA03E6984CB4}.Debug|Any CPU.Build.0 = Debug|Any CPU
		{2F8EE130-BADB-4B78-98AC-FA03E6984CB4}.Release|Any CPU.ActiveCfg = Release|Any CPU
		{2F8EE130-BADB-4B78-98AC-FA03E6984CB4}.Release|Any CPU.Build.0 = Release|Any CPU
		{F8BAB882-8357-4839-97C5-BFD70D0584D2}.Debug|Any CPU.ActiveCfg = Debug|Any CPU
		{F8BAB882-8357-4839-97C5-BFD70D0584D2}.Debug|Any CPU.Build.0 = Debug|Any CPU
		{F8BAB882-8357-4839-97C5-BFD70D0584D2}.Release|Any CPU.ActiveCfg = Release|Any CPU
		{F8BAB882-8357-4839-97C5-BFD70D0584D2}.Release|Any CPU.Build.0 = Release|Any CPU
	EndGlobalSection
	GlobalSection(SolutionProperties) = preSolution
		HideSolutionNode = FALSE
	EndGlobalSection
	GlobalSection(ExtensibilityGlobals) = postSolution
		SolutionGuid = {D1EA3B42-5F38-473C-BA74-009C1DD9C76F}
	EndGlobalSection
EndGlobal
